
Microsoft Visual Studio Solution File, Format Version 12.00
# Visual Studio Version 17
VisualStudioVersion = 17.5.33516.290
MinimumVisualStudioVersion = 10.0.40219.1
Project("{FAE04EC0-301F-11D3-BF4B-00C04F79EFBC}") = "WebApplicationStenyaev", "WebApplicationStenyaev\WebApplicationStenyaev.csproj", "{ED7E57E3-E25A-4B28-B4C6-2A293D078E08}"
EndProject
Project("{FAE04EC0-301F-11D3-BF4B-00C04F79EFBC}") = "Contracts", "Contracts\Contracts.csproj", "{A49B5419-8009-4E8B-988D-FC27024D9C01}"
EndProject
Project("{FAE04EC0-301F-11D3-BF4B-00C04F79EFBC}") = "LoggerService", "LoggerService\LoggerService.csproj", "{2B0BC933-9CE2-45D4-9485-135D34A10042}"
EndProject
Global
	GlobalSection(SolutionConfigurationPlatforms) = preSolution
		Debug|Any CPU = Debug|Any CPU
		Release|Any CPU = Release|Any CPU
	EndGlobalSection
	GlobalSection(ProjectConfigurationPlatforms) = postSolution
		{ED7E57E3-E25A-4B28-B4C6-2A293D078E08}.Debug|Any CPU.ActiveCfg = Debug|Any CPU
		{ED7E57E3-E25A-4B28-B4C6-2A293D078E08}.Debug|Any CPU.Build.0 = Debug|Any CPU
		{ED7E57E3-E25A-4B28-B4C6-2A293D078E08}.Release|Any CPU.ActiveCfg = Release|Any CPU
		{ED7E57E3-E25A-4B28-B4C6-2A293D078E08}.Release|Any CPU.Build.0 = Release|Any CPU
		{A49B5419-8009-4E8B-988D-FC27024D9C01}.Debug|Any CPU.ActiveCfg = Debug|Any CPU
		{A49B5419-8009-4E8B-988D-FC27024D9C01}.Debug|Any CPU.Build.0 = Debug|Any CPU
		{A49B5419-8009-4E8B-988D-FC27024D9C01}.Release|Any CPU.ActiveCfg = Release|Any CPU
		{A49B5419-8009-4E8B-988D-FC27024D9C01}.Release|Any CPU.Build.0 = Release|Any CPU
		{2B0BC933-9CE2-45D4-9485-135D34A10042}.Debug|Any CPU.ActiveCfg = Debug|Any CPU
		{2B0BC933-9CE2-45D4-9485-135D34A10042}.Debug|Any CPU.Build.0 = Debug|Any CPU
		{2B0BC933-9CE2-45D4-9485-135D34A10042}.Release|Any CPU.ActiveCfg = Release|Any CPU
		{2B0BC933-9CE2-45D4-9485-135D34A10042}.Release|Any CPU.Build.0 = Release|Any CPU
	EndGlobalSection
	GlobalSection(SolutionProperties) = preSolution
		HideSolutionNode = FALSE
	EndGlobalSection
	GlobalSection(ExtensibilityGlobals) = postSolution
		SolutionGuid = {A5F196D5-771C-46CB-8623-9F7E9CD610C7}
	EndGlobalSection
EndGlobal
