
Microsoft Visual Studio Solution File, Format Version 12.00
# Visual Studio Version 17
VisualStudioVersion = 17.7.34024.191
MinimumVisualStudioVersion = 10.0.40219.1
Project("{9A19103F-16F7-4668-BE54-9A1E7A4F7556}") = "WebApplicationStenyaev", "WebApplicationStenyaev.csproj", "{088A4370-8E5E-4FE2-B14B-6AAE6CFFE4A6}"
EndProject
Project("{9A19103F-16F7-4668-BE54-9A1E7A4F7556}") = "Contracts", "Contracts\Contracts.csproj", "{49DD9CCC-C5FE-49A2-A2D7-59F48F3CF457}"
EndProject
Project("{9A19103F-16F7-4668-BE54-9A1E7A4F7556}") = "LoggerService", "LoggerService\LoggerService.csproj", "{2EDDA721-8FE9-4145-A0AC-4D35885C2040}"
EndProject
Project("{9A19103F-16F7-4668-BE54-9A1E7A4F7556}") = "Entities", "Entities\Entities.csproj", "{7D552941-896C-4C33-8B2C-C5BD8180D8D4}"
EndProject
Project("{9A19103F-16F7-4668-BE54-9A1E7A4F7556}") = "Repository", "Repository\Repository.csproj", "{E35BF615-9EE1-467A-8240-019F9D0FECC6}"
EndProject
Global
	GlobalSection(SolutionConfigurationPlatforms) = preSolution
		Debug|Any CPU = Debug|Any CPU
		Release|Any CPU = Release|Any CPU
	EndGlobalSection
	GlobalSection(ProjectConfigurationPlatforms) = postSolution
		{088A4370-8E5E-4FE2-B14B-6AAE6CFFE4A6}.Debug|Any CPU.ActiveCfg = Debug|Any CPU
		{088A4370-8E5E-4FE2-B14B-6AAE6CFFE4A6}.Debug|Any CPU.Build.0 = Debug|Any CPU
		{088A4370-8E5E-4FE2-B14B-6AAE6CFFE4A6}.Release|Any CPU.ActiveCfg = Release|Any CPU
		{088A4370-8E5E-4FE2-B14B-6AAE6CFFE4A6}.Release|Any CPU.Build.0 = Release|Any CPU
		{49DD9CCC-C5FE-49A2-A2D7-59F48F3CF457}.Debug|Any CPU.ActiveCfg = Debug|Any CPU
		{49DD9CCC-C5FE-49A2-A2D7-59F48F3CF457}.Debug|Any CPU.Build.0 = Debug|Any CPU
		{49DD9CCC-C5FE-49A2-A2D7-59F48F3CF457}.Release|Any CPU.ActiveCfg = Release|Any CPU
		{49DD9CCC-C5FE-49A2-A2D7-59F48F3CF457}.Release|Any CPU.Build.0 = Release|Any CPU
		{2EDDA721-8FE9-4145-A0AC-4D35885C2040}.Debug|Any CPU.ActiveCfg = Debug|Any CPU
		{2EDDA721-8FE9-4145-A0AC-4D35885C2040}.Debug|Any CPU.Build.0 = Debug|Any CPU
		{2EDDA721-8FE9-4145-A0AC-4D35885C2040}.Release|Any CPU.ActiveCfg = Release|Any CPU
		{2EDDA721-8FE9-4145-A0AC-4D35885C2040}.Release|Any CPU.Build.0 = Release|Any CPU
		{7D552941-896C-4C33-8B2C-C5BD8180D8D4}.Debug|Any CPU.ActiveCfg = Debug|Any CPU
		{7D552941-896C-4C33-8B2C-C5BD8180D8D4}.Debug|Any CPU.Build.0 = Debug|Any CPU
		{7D552941-896C-4C33-8B2C-C5BD8180D8D4}.Release|Any CPU.ActiveCfg = Release|Any CPU
		{7D552941-896C-4C33-8B2C-C5BD8180D8D4}.Release|Any CPU.Build.0 = Release|Any CPU
		{E35BF615-9EE1-467A-8240-019F9D0FECC6}.Debug|Any CPU.ActiveCfg = Debug|Any CPU
		{E35BF615-9EE1-467A-8240-019F9D0FECC6}.Debug|Any CPU.Build.0 = Debug|Any CPU
		{E35BF615-9EE1-467A-8240-019F9D0FECC6}.Release|Any CPU.ActiveCfg = Release|Any CPU
		{E35BF615-9EE1-467A-8240-019F9D0FECC6}.Release|Any CPU.Build.0 = Release|Any CPU
	EndGlobalSection
	GlobalSection(SolutionProperties) = preSolution
		HideSolutionNode = FALSE
	EndGlobalSection
	GlobalSection(ExtensibilityGlobals) = postSolution
		SolutionGuid = {2EA4B80B-8A1D-4EF9-BB58-96DC87AF66FB}
	EndGlobalSection
EndGlobal
